
Microsoft Visual Studio Solution File, Format Version 12.00
# Visual Studio Version 16
VisualStudioVersion = 16.0.29418.71
MinimumVisualStudioVersion = 10.0.40219.1
Project("{FAE04EC0-301F-11D3-BF4B-00C04F79EFBC}") = "AspNetCoreOData", "AspNetCoreOData.csproj", "{053DBF67-A28E-42F1-95B6-46C67A249CCC}"
EndProject
Global
	GlobalSection(SolutionConfigurationPlatforms) = preSolution
		Debug|Any CPU = Debug|Any CPU
		Release|Any CPU = Release|Any CPU
	EndGlobalSection
	GlobalSection(ProjectConfigurationPlatforms) = postSolution
		{053DBF67-A28E-42F1-95B6-46C67A249CCC}.Debug|Any CPU.ActiveCfg = Debug|Any CPU
		{053DBF67-A28E-42F1-95B6-46C67A249CCC}.Debug|Any CPU.Build.0 = Debug|Any CPU
		{053DBF67-A28E-42F1-95B6-46C67A249CCC}.Release|Any CPU.ActiveCfg = Release|Any CPU
		{053DBF67-A28E-42F1-95B6-46C67A249CCC}.Release|Any CPU.Build.0 = Release|Any CPU
	EndGlobalSection
	GlobalSection(SolutionProperties) = preSolution
		HideSolutionNode = FALSE
	EndGlobalSection
	GlobalSection(ExtensibilityGlobals) = postSolution
		SolutionGuid = {EE1F85DC-3592-4F0A-8123-9D1DD860E648}
	EndGlobalSection
EndGlobal
